github.com/boljen/go-bitmap v0.0.0-20151001105940-23cd2fb0ce7d h1:zsO4lp+bjv5XvPTF58Vq+qgmZEYZttJK+CWtSZhKenI=
github.com/boljen/go-bitmap v0.0.0-20151001105940-23cd2fb0ce7d/go.mod h1:f1iKL6ZhUWvbk7PdWVmOaak10o86cqMUYEmn1CZNGEI=
github.com/jackpal/gateway v1.0.5 h1:qzXWUJfuMdlLMtt0a3Dgt+xkWQiA5itDEITVJtuSwMc=
github.com/jackpal/gateway v1.0.5/go.mod h1:lTpwd4ACLXmpyiCTRtfiNyVnUmqT9RivzCDQetPfnjA=
